
Microsoft Visual Studio Solution File, Format Version 12.00
# Visual Studio 15
VisualStudioVersion = 15.0.28307.168
MinimumVisualStudioVersion = 10.0.40219.1
Project("{FAE04EC0-301F-11D3-BF4B-00C04F79EFBC}") = "ChatModels", "ChatModels\ChatModels.csproj", "{C388E3EC-914B-480F-A65C-75A07D170CEF}"
EndProject
Global
	GlobalSection(SolutionConfigurationPlatforms) = preSolution
		Debug|Any CPU = Debug|Any CPU
		Release|Any CPU = Release|Any CPU
	EndGlobalSection
	GlobalSection(ProjectConfigurationPlatforms) = postSolution
		{C388E3EC-914B-480F-A65C-75A07D170CEF}.Debug|Any CPU.ActiveCfg = Debug|Any CPU
		{C388E3EC-914B-480F-A65C-75A07D170CEF}.Debug|Any CPU.Build.0 = Debug|Any CPU
		{C388E3EC-914B-480F-A65C-75A07D170CEF}.Release|Any CPU.ActiveCfg = Release|Any CPU
		{C388E3EC-914B-480F-A65C-75A07D170CEF}.Release|Any CPU.Build.0 = Release|Any CPU
	EndGlobalSection
	GlobalSection(SolutionProperties) = preSolution
		HideSolutionNode = FALSE
	EndGlobalSection
	GlobalSection(ExtensibilityGlobals) = postSolution
		SolutionGuid = {3BB4C5D5-A21D-4CD7-A059-5529FDE02536}
	EndGlobalSection
EndGlobal
