
Microsoft Visual Studio Solution File, Format Version 12.00
# Visual Studio 15
VisualStudioVersion = 15.0.27130.2003
MinimumVisualStudioVersion = 10.0.40219.1
Project("{FAE04EC0-301F-11D3-BF4B-00C04F79EFBC}") = "ChatModels", "ChatModels\ChatModels.csproj", "{A49E823A-DA21-4383-801B-49417C22B7EE}"
EndProject
Global
	GlobalSection(SolutionConfigurationPlatforms) = preSolution
		Debug|Any CPU = Debug|Any CPU
		Release|Any CPU = Release|Any CPU
	EndGlobalSection
	GlobalSection(ProjectConfigurationPlatforms) = postSolution
		{A49E823A-DA21-4383-801B-49417C22B7EE}.Debug|Any CPU.ActiveCfg = Debug|Any CPU
		{A49E823A-DA21-4383-801B-49417C22B7EE}.Debug|Any CPU.Build.0 = Debug|Any CPU
		{A49E823A-DA21-4383-801B-49417C22B7EE}.Release|Any CPU.ActiveCfg = Release|Any CPU
		{A49E823A-DA21-4383-801B-49417C22B7EE}.Release|Any CPU.Build.0 = Release|Any CPU
	EndGlobalSection
	GlobalSection(SolutionProperties) = preSolution
		HideSolutionNode = FALSE
	EndGlobalSection
	GlobalSection(ExtensibilityGlobals) = postSolution
		SolutionGuid = {FB40D2BE-9436-417F-BA0F-5D39A4332293}
	EndGlobalSection
EndGlobal
