
Microsoft Visual Studio Solution File, Format Version 12.00
# Visual Studio 15
VisualStudioVersion = 15.0.27130.2003
MinimumVisualStudioVersion = 10.0.40219.1
Project("{FAE04EC0-301F-11D3-BF4B-00C04F79EFBC}") = "NaturalLanguageService", "NaturalLanguageService\NaturalLanguageService.csproj", "{AE79066D-38A8-4126-B2FE-730907B0CA1D}"
EndProject
Project("{9A19103F-16F7-4668-BE54-9A1E7A4F7556}") = "ChatModels", "..\ChatModels\ChatModels\ChatModels.csproj", "{C2D69FC2-3294-4769-93DF-0E13CE9E47B4}"
EndProject
Global
	GlobalSection(SolutionConfigurationPlatforms) = preSolution
		Debug|Any CPU = Debug|Any CPU
		Release|Any CPU = Release|Any CPU
	EndGlobalSection
	GlobalSection(ProjectConfigurationPlatforms) = postSolution
		{AE79066D-38A8-4126-B2FE-730907B0CA1D}.Debug|Any CPU.ActiveCfg = Debug|Any CPU
		{AE79066D-38A8-4126-B2FE-730907B0CA1D}.Debug|Any CPU.Build.0 = Debug|Any CPU
		{AE79066D-38A8-4126-B2FE-730907B0CA1D}.Release|Any CPU.ActiveCfg = Release|Any CPU
		{AE79066D-38A8-4126-B2FE-730907B0CA1D}.Release|Any CPU.Build.0 = Release|Any CPU
		{C2D69FC2-3294-4769-93DF-0E13CE9E47B4}.Debug|Any CPU.ActiveCfg = Debug|Any CPU
		{C2D69FC2-3294-4769-93DF-0E13CE9E47B4}.Debug|Any CPU.Build.0 = Debug|Any CPU
		{C2D69FC2-3294-4769-93DF-0E13CE9E47B4}.Release|Any CPU.ActiveCfg = Release|Any CPU
		{C2D69FC2-3294-4769-93DF-0E13CE9E47B4}.Release|Any CPU.Build.0 = Release|Any CPU
	EndGlobalSection
	GlobalSection(SolutionProperties) = preSolution
		HideSolutionNode = FALSE
	EndGlobalSection
	GlobalSection(ExtensibilityGlobals) = postSolution
		SolutionGuid = {BD12D380-BDA9-4902-9080-960277D087B9}
	EndGlobalSection
EndGlobal
