
Microsoft Visual Studio Solution File, Format Version 12.00
# Visual Studio 15
VisualStudioVersion = 15.0.27428.2002
MinimumVisualStudioVersion = 10.0.40219.1
Project("{FAE04EC0-301F-11D3-BF4B-00C04F79EFBC}") = "SharkbotConfiguration", "SharkbotConfiguration\SharkbotConfiguration.csproj", "{6AA11934-302E-436E-9E16-3C460BAB4BFE}"
EndProject
Global
	GlobalSection(SolutionConfigurationPlatforms) = preSolution
		Debug|Any CPU = Debug|Any CPU
		Release|Any CPU = Release|Any CPU
	EndGlobalSection
	GlobalSection(ProjectConfigurationPlatforms) = postSolution
		{6AA11934-302E-436E-9E16-3C460BAB4BFE}.Debug|Any CPU.ActiveCfg = Debug|Any CPU
		{6AA11934-302E-436E-9E16-3C460BAB4BFE}.Debug|Any CPU.Build.0 = Debug|Any CPU
		{6AA11934-302E-436E-9E16-3C460BAB4BFE}.Release|Any CPU.ActiveCfg = Release|Any CPU
		{6AA11934-302E-436E-9E16-3C460BAB4BFE}.Release|Any CPU.Build.0 = Release|Any CPU
	EndGlobalSection
	GlobalSection(SolutionProperties) = preSolution
		HideSolutionNode = FALSE
	EndGlobalSection
	GlobalSection(ExtensibilityGlobals) = postSolution
		SolutionGuid = {6B117194-79DF-4F44-9EF0-9F0D8BE94966}
	EndGlobalSection
EndGlobal
