
Microsoft Visual Studio Solution File, Format Version 12.00
# Visual Studio 15
VisualStudioVersion = 15.0.27428.2002
MinimumVisualStudioVersion = 10.0.40219.1
Project("{9A19103F-16F7-4668-BE54-9A1E7A4F7556}") = "ChatAnalyzer", "ChatAnalyzer\ChatAnalyzer.csproj", "{40C7387C-89CF-4653-A724-7C15C44C3220}"
EndProject
Project("{9A19103F-16F7-4668-BE54-9A1E7A4F7556}") = "ChatModels", "..\ChatModels\ChatModels\ChatModels.csproj", "{0B35D3DB-9832-4443-B128-6563F3D1D90B}"
EndProject
Project("{9A19103F-16F7-4668-BE54-9A1E7A4F7556}") = "NaturalLanguageService", "..\NaturalLanguageService\NaturalLanguageService\NaturalLanguageService.csproj", "{2FEA8D34-5AB8-431E-88A2-FF18E0CBE44F}"
EndProject
Project("{FAE04EC0-301F-11D3-BF4B-00C04F79EFBC}") = "TextStatistics.Net", "..\TextStatistics.Net\TextStatistics.Net\TextStatistics.Net.csproj", "{C67A0A75-24C7-4C87-B51C-C5D99B979717}"
EndProject
Project("{9A19103F-16F7-4668-BE54-9A1E7A4F7556}") = "UserDatabase", "..\UserDatabase\UserDatabase\UserDatabase.csproj", "{8537FA16-8E86-4F5C-9E68-1A27A4483F12}"
EndProject
Project("{9A19103F-16F7-4668-BE54-9A1E7A4F7556}") = "SharkbotConfiguration", "..\SharkbotConfiguration\SharkbotConfiguration\SharkbotConfiguration.csproj", "{1FF2DC10-C2D5-4CF4-87C0-9CC9A50F81C0}"
EndProject
Global
	GlobalSection(SolutionConfigurationPlatforms) = preSolution
		Debug|Any CPU = Debug|Any CPU
		Release|Any CPU = Release|Any CPU
	EndGlobalSection
	GlobalSection(ProjectConfigurationPlatforms) = postSolution
		{40C7387C-89CF-4653-A724-7C15C44C3220}.Debug|Any CPU.ActiveCfg = Debug|Any CPU
		{40C7387C-89CF-4653-A724-7C15C44C3220}.Debug|Any CPU.Build.0 = Debug|Any CPU
		{40C7387C-89CF-4653-A724-7C15C44C3220}.Release|Any CPU.ActiveCfg = Release|Any CPU
		{40C7387C-89CF-4653-A724-7C15C44C3220}.Release|Any CPU.Build.0 = Release|Any CPU
		{0B35D3DB-9832-4443-B128-6563F3D1D90B}.Debug|Any CPU.ActiveCfg = Debug|Any CPU
		{0B35D3DB-9832-4443-B128-6563F3D1D90B}.Debug|Any CPU.Build.0 = Debug|Any CPU
		{0B35D3DB-9832-4443-B128-6563F3D1D90B}.Release|Any CPU.ActiveCfg = Release|Any CPU
		{0B35D3DB-9832-4443-B128-6563F3D1D90B}.Release|Any CPU.Build.0 = Release|Any CPU
		{2FEA8D34-5AB8-431E-88A2-FF18E0CBE44F}.Debug|Any CPU.ActiveCfg = Debug|Any CPU
		{2FEA8D34-5AB8-431E-88A2-FF18E0CBE44F}.Debug|Any CPU.Build.0 = Debug|Any CPU
		{2FEA8D34-5AB8-431E-88A2-FF18E0CBE44F}.Release|Any CPU.ActiveCfg = Release|Any CPU
		{2FEA8D34-5AB8-431E-88A2-FF18E0CBE44F}.Release|Any CPU.Build.0 = Release|Any CPU
		{C67A0A75-24C7-4C87-B51C-C5D99B979717}.Debug|Any CPU.ActiveCfg = Debug|Any CPU
		{C67A0A75-24C7-4C87-B51C-C5D99B979717}.Debug|Any CPU.Build.0 = Debug|Any CPU
		{C67A0A75-24C7-4C87-B51C-C5D99B979717}.Release|Any CPU.ActiveCfg = Release|Any CPU
		{C67A0A75-24C7-4C87-B51C-C5D99B979717}.Release|Any CPU.Build.0 = Release|Any CPU
		{8537FA16-8E86-4F5C-9E68-1A27A4483F12}.Debug|Any CPU.ActiveCfg = Debug|Any CPU
		{8537FA16-8E86-4F5C-9E68-1A27A4483F12}.Debug|Any CPU.Build.0 = Debug|Any CPU
		{8537FA16-8E86-4F5C-9E68-1A27A4483F12}.Release|Any CPU.ActiveCfg = Release|Any CPU
		{8537FA16-8E86-4F5C-9E68-1A27A4483F12}.Release|Any CPU.Build.0 = Release|Any CPU
		{1FF2DC10-C2D5-4CF4-87C0-9CC9A50F81C0}.Debug|Any CPU.ActiveCfg = Debug|Any CPU
		{1FF2DC10-C2D5-4CF4-87C0-9CC9A50F81C0}.Debug|Any CPU.Build.0 = Debug|Any CPU
		{1FF2DC10-C2D5-4CF4-87C0-9CC9A50F81C0}.Release|Any CPU.ActiveCfg = Release|Any CPU
		{1FF2DC10-C2D5-4CF4-87C0-9CC9A50F81C0}.Release|Any CPU.Build.0 = Release|Any CPU
	EndGlobalSection
	GlobalSection(SolutionProperties) = preSolution
		HideSolutionNode = FALSE
	EndGlobalSection
	GlobalSection(ExtensibilityGlobals) = postSolution
		SolutionGuid = {100F77D4-DABE-457D-91EA-283797EE9640}
	EndGlobalSection
EndGlobal
